
Microsoft Visual Studio Solution File, Format Version 12.00
# Visual Studio 2017
Project("{FAE04EC0-301F-11D3-BF4B-00C04F79EFBC}") = "智慧旅游Beta", "智慧旅游Beta.csproj", "{8CCB6D1D-2DA7-FD16-30AA-6CD7DDD1E0A7}"
EndProject
Global
	GlobalSection(SolutionConfigurationPlatforms) = preSolution
		Debug|Any CPU = Debug|Any CPU
		Release|Any CPU = Release|Any CPU
	EndGlobalSection
	GlobalSection(ProjectConfigurationPlatforms) = postSolution
		{8CCB6D1D-2DA7-FD16-30AA-6CD7DDD1E0A7}.Debug|Any CPU.ActiveCfg = Debug|Any CPU
		{8CCB6D1D-2DA7-FD16-30AA-6CD7DDD1E0A7}.Debug|Any CPU.Build.0 = Debug|Any CPU
		{8CCB6D1D-2DA7-FD16-30AA-6CD7DDD1E0A7}.Release|Any CPU.ActiveCfg = Release|Any CPU
		{8CCB6D1D-2DA7-FD16-30AA-6CD7DDD1E0A7}.Release|Any CPU.Build.0 = Release|Any CPU
	EndGlobalSection
	GlobalSection(SolutionProperties) = preSolution
		HideSolutionNode = FALSE
	EndGlobalSection
EndGlobal
